
Microsoft Visual Studio Solution File, Format Version 12.00
# Visual Studio 14
VisualStudioVersion = 14.0.25420.1
MinimumVisualStudioVersion = 10.0.40219.1
Project("{FAE04EC0-301F-11D3-BF4B-00C04F79EFBC}") = "WebApplication3", "WebApplication3\WebApplication3.csproj", "{D8ADEB1E-DD2C-47CA-A47D-B93F0C70964C}"
EndProject
Project("{FAE04EC0-301F-11D3-BF4B-00C04F79EFBC}") = "ConsoleApplication1", "ConsoleApplication1\ConsoleApplication1.csproj", "{B7BF9927-B0BC-4110-B94A-4DCDB1459006}"
EndProject
Project("{FAE04EC0-301F-11D3-BF4B-00C04F79EFBC}") = "CodeFirst", "CodeFirst\CodeFirst.csproj", "{7BBDB12F-45E1-4D06-9BF0-222CB87574A1}"
EndProject
Project("{FAE04EC0-301F-11D3-BF4B-00C04F79EFBC}") = "DbFirst", "DbFirst\DbFirst.csproj", "{6E3741AC-1672-4E3D-AB23-3244F07D6302}"
EndProject
Project("{FAE04EC0-301F-11D3-BF4B-00C04F79EFBC}") = "CodesFirst", "CodesFirst\CodesFirst.csproj", "{76769E62-202C-48E2-821D-99429BE02BA8}"
EndProject
Project("{FAE04EC0-301F-11D3-BF4B-00C04F79EFBC}") = "PlutoContext", "PlutoContext\PlutoContext.csproj", "{AD8CF782-15F0-467F-96B6-894CEDCA9AF5}"
EndProject
Project("{FAE04EC0-301F-11D3-BF4B-00C04F79EFBC}") = "TestService", "TestService\TestService.csproj", "{68AB7D14-7E7C-4262-B4FF-A9F0807D7425}"
EndProject
Project("{FAE04EC0-301F-11D3-BF4B-00C04F79EFBC}") = "MyServiceHost", "MyServiceHost\MyServiceHost.csproj", "{3A49556D-2563-46CC-BC0C-CC34B3D3955A}"
EndProject
Project("{FAE04EC0-301F-11D3-BF4B-00C04F79EFBC}") = "HelloService", "HelloService\HelloService.csproj", "{C7052C44-5101-43D8-A49C-C40B77DFE77C}"
EndProject
Project("{FAE04EC0-301F-11D3-BF4B-00C04F79EFBC}") = "HelloServiceHost", "HelloServiceHost\HelloServiceHost.csproj", "{B220E530-4F05-466B-8E10-28101E42311F}"
EndProject
Project("{FAE04EC0-301F-11D3-BF4B-00C04F79EFBC}") = "CompanyService", "CompanyService\CompanyService.csproj", "{CC527CC8-1CF2-4385-A52A-EC2446CD9EB0}"
EndProject
Project("{FAE04EC0-301F-11D3-BF4B-00C04F79EFBC}") = "CompanyServiceHost", "CompanyServiceHost\CompanyServiceHost.csproj", "{7EDAFD89-E008-4EDD-8D2F-324D8E60AEA7}"
EndProject
Project("{FAE04EC0-301F-11D3-BF4B-00C04F79EFBC}") = "CompanyClient", "CompanyClient\CompanyClient.csproj", "{D9C92438-415C-4893-A4DB-5EBA477B2EBD}"
EndProject
Global
	GlobalSection(SolutionConfigurationPlatforms) = preSolution
		Debug|Any CPU = Debug|Any CPU
		Release|Any CPU = Release|Any CPU
	EndGlobalSection
	GlobalSection(ProjectConfigurationPlatforms) = postSolution
		{D8ADEB1E-DD2C-47CA-A47D-B93F0C70964C}.Debug|Any CPU.ActiveCfg = Debug|Any CPU
		{D8ADEB1E-DD2C-47CA-A47D-B93F0C70964C}.Debug|Any CPU.Build.0 = Debug|Any CPU
		{D8ADEB1E-DD2C-47CA-A47D-B93F0C70964C}.Release|Any CPU.ActiveCfg = Release|Any CPU
		{D8ADEB1E-DD2C-47CA-A47D-B93F0C70964C}.Release|Any CPU.Build.0 = Release|Any CPU
		{B7BF9927-B0BC-4110-B94A-4DCDB1459006}.Debug|Any CPU.ActiveCfg = Debug|Any CPU
		{B7BF9927-B0BC-4110-B94A-4DCDB1459006}.Debug|Any CPU.Build.0 = Debug|Any CPU
		{B7BF9927-B0BC-4110-B94A-4DCDB1459006}.Release|Any CPU.ActiveCfg = Release|Any CPU
		{B7BF9927-B0BC-4110-B94A-4DCDB1459006}.Release|Any CPU.Build.0 = Release|Any CPU
		{7BBDB12F-45E1-4D06-9BF0-222CB87574A1}.Debug|Any CPU.ActiveCfg = Debug|Any CPU
		{7BBDB12F-45E1-4D06-9BF0-222CB87574A1}.Debug|Any CPU.Build.0 = Debug|Any CPU
		{7BBDB12F-45E1-4D06-9BF0-222CB87574A1}.Release|Any CPU.ActiveCfg = Release|Any CPU
		{7BBDB12F-45E1-4D06-9BF0-222CB87574A1}.Release|Any CPU.Build.0 = Release|Any CPU
		{6E3741AC-1672-4E3D-AB23-3244F07D6302}.Debug|Any CPU.ActiveCfg = Debug|Any CPU
		{6E3741AC-1672-4E3D-AB23-3244F07D6302}.Debug|Any CPU.Build.0 = Debug|Any CPU
		{6E3741AC-1672-4E3D-AB23-3244F07D6302}.Release|Any CPU.ActiveCfg = Release|Any CPU
		{6E3741AC-1672-4E3D-AB23-3244F07D6302}.Release|Any CPU.Build.0 = Release|Any CPU
		{76769E62-202C-48E2-821D-99429BE02BA8}.Debug|Any CPU.ActiveCfg = Debug|Any CPU
		{76769E62-202C-48E2-821D-99429BE02BA8}.Debug|Any CPU.Build.0 = Debug|Any CPU
		{76769E62-202C-48E2-821D-99429BE02BA8}.Release|Any CPU.ActiveCfg = Release|Any CPU
		{76769E62-202C-48E2-821D-99429BE02BA8}.Release|Any CPU.Build.0 = Release|Any CPU
		{AD8CF782-15F0-467F-96B6-894CEDCA9AF5}.Debug|Any CPU.ActiveCfg = Debug|Any CPU
		{AD8CF782-15F0-467F-96B6-894CEDCA9AF5}.Debug|Any CPU.Build.0 = Debug|Any CPU
		{AD8CF782-15F0-467F-96B6-894CEDCA9AF5}.Release|Any CPU.ActiveCfg = Release|Any CPU
		{AD8CF782-15F0-467F-96B6-894CEDCA9AF5}.Release|Any CPU.Build.0 = Release|Any CPU
		{68AB7D14-7E7C-4262-B4FF-A9F0807D7425}.Debug|Any CPU.ActiveCfg = Debug|Any CPU
		{68AB7D14-7E7C-4262-B4FF-A9F0807D7425}.Debug|Any CPU.Build.0 = Debug|Any CPU
		{68AB7D14-7E7C-4262-B4FF-A9F0807D7425}.Release|Any CPU.ActiveCfg = Release|Any CPU
		{68AB7D14-7E7C-4262-B4FF-A9F0807D7425}.Release|Any CPU.Build.0 = Release|Any CPU
		{3A49556D-2563-46CC-BC0C-CC34B3D3955A}.Debug|Any CPU.ActiveCfg = Debug|Any CPU
		{3A49556D-2563-46CC-BC0C-CC34B3D3955A}.Debug|Any CPU.Build.0 = Debug|Any CPU
		{3A49556D-2563-46CC-BC0C-CC34B3D3955A}.Release|Any CPU.ActiveCfg = Release|Any CPU
		{3A49556D-2563-46CC-BC0C-CC34B3D3955A}.Release|Any CPU.Build.0 = Release|Any CPU
		{C7052C44-5101-43D8-A49C-C40B77DFE77C}.Debug|Any CPU.ActiveCfg = Debug|Any CPU
		{C7052C44-5101-43D8-A49C-C40B77DFE77C}.Debug|Any CPU.Build.0 = Debug|Any CPU
		{C7052C44-5101-43D8-A49C-C40B77DFE77C}.Release|Any CPU.ActiveCfg = Release|Any CPU
		{C7052C44-5101-43D8-A49C-C40B77DFE77C}.Release|Any CPU.Build.0 = Release|Any CPU
		{B220E530-4F05-466B-8E10-28101E42311F}.Debug|Any CPU.ActiveCfg = Debug|Any CPU
		{B220E530-4F05-466B-8E10-28101E42311F}.Debug|Any CPU.Build.0 = Debug|Any CPU
		{B220E530-4F05-466B-8E10-28101E42311F}.Release|Any CPU.ActiveCfg = Release|Any CPU
		{B220E530-4F05-466B-8E10-28101E42311F}.Release|Any CPU.Build.0 = Release|Any CPU
		{CC527CC8-1CF2-4385-A52A-EC2446CD9EB0}.Debug|Any CPU.ActiveCfg = Debug|Any CPU
		{CC527CC8-1CF2-4385-A52A-EC2446CD9EB0}.Debug|Any CPU.Build.0 = Debug|Any CPU
		{CC527CC8-1CF2-4385-A52A-EC2446CD9EB0}.Release|Any CPU.ActiveCfg = Release|Any CPU
		{CC527CC8-1CF2-4385-A52A-EC2446CD9EB0}.Release|Any CPU.Build.0 = Release|Any CPU
		{7EDAFD89-E008-4EDD-8D2F-324D8E60AEA7}.Debug|Any CPU.ActiveCfg = Debug|Any CPU
		{7EDAFD89-E008-4EDD-8D2F-324D8E60AEA7}.Debug|Any CPU.Build.0 = Debug|Any CPU
		{7EDAFD89-E008-4EDD-8D2F-324D8E60AEA7}.Release|Any CPU.ActiveCfg = Release|Any CPU
		{7EDAFD89-E008-4EDD-8D2F-324D8E60AEA7}.Release|Any CPU.Build.0 = Release|Any CPU
		{D9C92438-415C-4893-A4DB-5EBA477B2EBD}.Debug|Any CPU.ActiveCfg = Debug|Any CPU
		{D9C92438-415C-4893-A4DB-5EBA477B2EBD}.Debug|Any CPU.Build.0 = Debug|Any CPU
		{D9C92438-415C-4893-A4DB-5EBA477B2EBD}.Release|Any CPU.ActiveCfg = Release|Any CPU
		{D9C92438-415C-4893-A4DB-5EBA477B2EBD}.Release|Any CPU.Build.0 = Release|Any CPU
	EndGlobalSection
	GlobalSection(SolutionProperties) = preSolution
		HideSolutionNode = FALSE
	EndGlobalSection
EndGlobal
