
Microsoft Visual Studio Solution File, Format Version 12.00
# Visual Studio 2013
VisualStudioVersion = 12.0.40629.0
MinimumVisualStudioVersion = 10.0.40219.1
Project("{FAE04EC0-301F-11D3-BF4B-00C04F79EFBC}") = "WebApplication3", "WebApplication3\WebApplication3.csproj", "{D8ADEB1E-DD2C-47CA-A47D-B93F0C70964C}"
EndProject
Project("{FAE04EC0-301F-11D3-BF4B-00C04F79EFBC}") = "ConsoleApplication1", "ConsoleApplication1\ConsoleApplication1.csproj", "{B7BF9927-B0BC-4110-B94A-4DCDB1459006}"
EndProject
Project("{FAE04EC0-301F-11D3-BF4B-00C04F79EFBC}") = "CodeFirst", "CodeFirst\CodeFirst.csproj", "{7BBDB12F-45E1-4D06-9BF0-222CB87574A1}"
EndProject
Project("{FAE04EC0-301F-11D3-BF4B-00C04F79EFBC}") = "DbFirst", "DbFirst\DbFirst.csproj", "{6E3741AC-1672-4E3D-AB23-3244F07D6302}"
EndProject
Project("{FAE04EC0-301F-11D3-BF4B-00C04F79EFBC}") = "CodesFirst", "CodesFirst\CodesFirst.csproj", "{76769E62-202C-48E2-821D-99429BE02BA8}"
EndProject
Project("{FAE04EC0-301F-11D3-BF4B-00C04F79EFBC}") = "PlutoContext", "PlutoContext\PlutoContext.csproj", "{AD8CF782-15F0-467F-96B6-894CEDCA9AF5}"
EndProject
Project("{FAE04EC0-301F-11D3-BF4B-00C04F79EFBC}") = "TestService", "TestService\TestService.csproj", "{68AB7D14-7E7C-4262-B4FF-A9F0807D7425}"
EndProject
Project("{FAE04EC0-301F-11D3-BF4B-00C04F79EFBC}") = "MyServiceHost", "MyServiceHost\MyServiceHost.csproj", "{3A49556D-2563-46CC-BC0C-CC34B3D3955A}"
EndProject
Project("{FAE04EC0-301F-11D3-BF4B-00C04F79EFBC}") = "HelloService", "HelloService\HelloService.csproj", "{C7052C44-5101-43D8-A49C-C40B77DFE77C}"
EndProject
Project("{FAE04EC0-301F-11D3-BF4B-00C04F79EFBC}") = "HelloServiceHost", "HelloServiceHost\HelloServiceHost.csproj", "{B220E530-4F05-466B-8E10-28101E42311F}"
EndProject
Project("{FAE04EC0-301F-11D3-BF4B-00C04F79EFBC}") = "CompanyService", "CompanyService\CompanyService.csproj", "{CC527CC8-1CF2-4385-A52A-EC2446CD9EB0}"
EndProject
Project("{FAE04EC0-301F-11D3-BF4B-00C04F79EFBC}") = "CompanyServiceHost", "CompanyServiceHost\CompanyServiceHost.csproj", "{7EDAFD89-E008-4EDD-8D2F-324D8E60AEA7}"
EndProject
Project("{FAE04EC0-301F-11D3-BF4B-00C04F79EFBC}") = "CompanyClient", "CompanyClient\CompanyClient.csproj", "{D9C92438-415C-4893-A4DB-5EBA477B2EBD}"
EndProject
Project("{FAE04EC0-301F-11D3-BF4B-00C04F79EFBC}") = "EmployeeService", "EmployeeService\EmployeeService.csproj", "{1D8E4D1E-7C6C-4D29-BE33-DE32EB250DDA}"
EndProject
Project("{FAE04EC0-301F-11D3-BF4B-00C04F79EFBC}") = "EmployeeServiceHost", "EmployeeServiceHost\EmployeeServiceHost.csproj", "{E3E42CAC-8B99-4182-945B-E7E4350F2252}"
EndProject
Project("{FAE04EC0-301F-11D3-BF4B-00C04F79EFBC}") = "WebApplication1", "WebApplication1\WebApplication1.csproj", "{95A5212A-EAFB-47BB-AE9C-E4ABA3DF7482}"
EndProject
Project("{FAE04EC0-301F-11D3-BF4B-00C04F79EFBC}") = "CalculatorService", "CalculatorService\CalculatorService.csproj", "{818C78B4-2190-48B2-BDAD-D48FD8E544F9}"
EndProject
Project("{FAE04EC0-301F-11D3-BF4B-00C04F79EFBC}") = "CalculatorServiceHost", "CalculatorServiceHost\CalculatorServiceHost.csproj", "{D5B9B38E-9107-44D6-A4B1-72FEAA23DA56}"
EndProject
Project("{FAE04EC0-301F-11D3-BF4B-00C04F79EFBC}") = "CalculatorClient", "CalculatorClient\CalculatorClient.csproj", "{48467FB7-FDE5-46C7-9665-6032782806E9}"
EndProject
Project("{FAE04EC0-301F-11D3-BF4B-00C04F79EFBC}") = "ReportService", "ReportService\ReportService.csproj", "{4C530882-6C77-45B9-A18A-F85EA3090526}"
EndProject
Project("{FAE04EC0-301F-11D3-BF4B-00C04F79EFBC}") = "ReportHost", "ReportHost\ReportHost.csproj", "{84863732-A3BA-4E21-BB52-CE2E19EC8FBE}"
EndProject
Project("{FAE04EC0-301F-11D3-BF4B-00C04F79EFBC}") = "DuplexClient", "DuplexClient\DuplexClient.csproj", "{533207FC-70FE-4AF4-81D0-AD67468FD99A}"
EndProject
Project("{FAE04EC0-301F-11D3-BF4B-00C04F79EFBC}") = "SimpleService", "SimpleService\SimpleService.csproj", "{8D22B284-1A4E-4677-A614-B8FF1DFCDF85}"
EndProject
Project("{FAE04EC0-301F-11D3-BF4B-00C04F79EFBC}") = "Host", "Host\Host.csproj", "{7005B15B-6F75-4E58-8A0C-FF1079CFFAA6}"
EndProject
Project("{FAE04EC0-301F-11D3-BF4B-00C04F79EFBC}") = "SimpleClient", "SimpleClient\SimpleClient.csproj", "{A7BE55D1-8503-4784-99A7-FF50712CB2D7}"
EndProject
Project("{FAE04EC0-301F-11D3-BF4B-00C04F79EFBC}") = "SimplesService", "SimplesService\SimplesService.csproj", "{5A2BAFF9-37CA-4762-BFC6-F61DBA2640FF}"
EndProject
Project("{FAE04EC0-301F-11D3-BF4B-00C04F79EFBC}") = "SimplesHost", "SimplesHost\SimplesHost.csproj", "{104A4471-DF89-4BD9-9874-7F3FA22F65A3}"
EndProject
Project("{FAE04EC0-301F-11D3-BF4B-00C04F79EFBC}") = "SimplesClient", "SimplesClient\SimplesClient.csproj", "{EA097201-EE0F-42E0-8075-D1FCDF193086}"
EndProject
Global
	GlobalSection(SolutionConfigurationPlatforms) = preSolution
		Debug|Any CPU = Debug|Any CPU
		Release|Any CPU = Release|Any CPU
	EndGlobalSection
	GlobalSection(ProjectConfigurationPlatforms) = postSolution
		{D8ADEB1E-DD2C-47CA-A47D-B93F0C70964C}.Debug|Any CPU.ActiveCfg = Debug|Any CPU
		{D8ADEB1E-DD2C-47CA-A47D-B93F0C70964C}.Debug|Any CPU.Build.0 = Debug|Any CPU
		{D8ADEB1E-DD2C-47CA-A47D-B93F0C70964C}.Release|Any CPU.ActiveCfg = Release|Any CPU
		{D8ADEB1E-DD2C-47CA-A47D-B93F0C70964C}.Release|Any CPU.Build.0 = Release|Any CPU
		{B7BF9927-B0BC-4110-B94A-4DCDB1459006}.Debug|Any CPU.ActiveCfg = Debug|Any CPU
		{B7BF9927-B0BC-4110-B94A-4DCDB1459006}.Debug|Any CPU.Build.0 = Debug|Any CPU
		{B7BF9927-B0BC-4110-B94A-4DCDB1459006}.Release|Any CPU.ActiveCfg = Release|Any CPU
		{B7BF9927-B0BC-4110-B94A-4DCDB1459006}.Release|Any CPU.Build.0 = Release|Any CPU
		{7BBDB12F-45E1-4D06-9BF0-222CB87574A1}.Debug|Any CPU.ActiveCfg = Debug|Any CPU
		{7BBDB12F-45E1-4D06-9BF0-222CB87574A1}.Debug|Any CPU.Build.0 = Debug|Any CPU
		{7BBDB12F-45E1-4D06-9BF0-222CB87574A1}.Release|Any CPU.ActiveCfg = Release|Any CPU
		{7BBDB12F-45E1-4D06-9BF0-222CB87574A1}.Release|Any CPU.Build.0 = Release|Any CPU
		{6E3741AC-1672-4E3D-AB23-3244F07D6302}.Debug|Any CPU.ActiveCfg = Debug|Any CPU
		{6E3741AC-1672-4E3D-AB23-3244F07D6302}.Debug|Any CPU.Build.0 = Debug|Any CPU
		{6E3741AC-1672-4E3D-AB23-3244F07D6302}.Release|Any CPU.ActiveCfg = Release|Any CPU
		{6E3741AC-1672-4E3D-AB23-3244F07D6302}.Release|Any CPU.Build.0 = Release|Any CPU
		{76769E62-202C-48E2-821D-99429BE02BA8}.Debug|Any CPU.ActiveCfg = Debug|Any CPU
		{76769E62-202C-48E2-821D-99429BE02BA8}.Debug|Any CPU.Build.0 = Debug|Any CPU
		{76769E62-202C-48E2-821D-99429BE02BA8}.Release|Any CPU.ActiveCfg = Release|Any CPU
		{76769E62-202C-48E2-821D-99429BE02BA8}.Release|Any CPU.Build.0 = Release|Any CPU
		{AD8CF782-15F0-467F-96B6-894CEDCA9AF5}.Debug|Any CPU.ActiveCfg = Debug|Any CPU
		{AD8CF782-15F0-467F-96B6-894CEDCA9AF5}.Debug|Any CPU.Build.0 = Debug|Any CPU
		{AD8CF782-15F0-467F-96B6-894CEDCA9AF5}.Release|Any CPU.ActiveCfg = Release|Any CPU
		{AD8CF782-15F0-467F-96B6-894CEDCA9AF5}.Release|Any CPU.Build.0 = Release|Any CPU
		{68AB7D14-7E7C-4262-B4FF-A9F0807D7425}.Debug|Any CPU.ActiveCfg = Debug|Any CPU
		{68AB7D14-7E7C-4262-B4FF-A9F0807D7425}.Debug|Any CPU.Build.0 = Debug|Any CPU
		{68AB7D14-7E7C-4262-B4FF-A9F0807D7425}.Release|Any CPU.ActiveCfg = Release|Any CPU
		{68AB7D14-7E7C-4262-B4FF-A9F0807D7425}.Release|Any CPU.Build.0 = Release|Any CPU
		{3A49556D-2563-46CC-BC0C-CC34B3D3955A}.Debug|Any CPU.ActiveCfg = Debug|Any CPU
		{3A49556D-2563-46CC-BC0C-CC34B3D3955A}.Debug|Any CPU.Build.0 = Debug|Any CPU
		{3A49556D-2563-46CC-BC0C-CC34B3D3955A}.Release|Any CPU.ActiveCfg = Release|Any CPU
		{3A49556D-2563-46CC-BC0C-CC34B3D3955A}.Release|Any CPU.Build.0 = Release|Any CPU
		{C7052C44-5101-43D8-A49C-C40B77DFE77C}.Debug|Any CPU.ActiveCfg = Debug|Any CPU
		{C7052C44-5101-43D8-A49C-C40B77DFE77C}.Debug|Any CPU.Build.0 = Debug|Any CPU
		{C7052C44-5101-43D8-A49C-C40B77DFE77C}.Release|Any CPU.ActiveCfg = Release|Any CPU
		{C7052C44-5101-43D8-A49C-C40B77DFE77C}.Release|Any CPU.Build.0 = Release|Any CPU
		{B220E530-4F05-466B-8E10-28101E42311F}.Debug|Any CPU.ActiveCfg = Debug|Any CPU
		{B220E530-4F05-466B-8E10-28101E42311F}.Debug|Any CPU.Build.0 = Debug|Any CPU
		{B220E530-4F05-466B-8E10-28101E42311F}.Release|Any CPU.ActiveCfg = Release|Any CPU
		{B220E530-4F05-466B-8E10-28101E42311F}.Release|Any CPU.Build.0 = Release|Any CPU
		{CC527CC8-1CF2-4385-A52A-EC2446CD9EB0}.Debug|Any CPU.ActiveCfg = Debug|Any CPU
		{CC527CC8-1CF2-4385-A52A-EC2446CD9EB0}.Debug|Any CPU.Build.0 = Debug|Any CPU
		{CC527CC8-1CF2-4385-A52A-EC2446CD9EB0}.Release|Any CPU.ActiveCfg = Release|Any CPU
		{CC527CC8-1CF2-4385-A52A-EC2446CD9EB0}.Release|Any CPU.Build.0 = Release|Any CPU
		{7EDAFD89-E008-4EDD-8D2F-324D8E60AEA7}.Debug|Any CPU.ActiveCfg = Debug|Any CPU
		{7EDAFD89-E008-4EDD-8D2F-324D8E60AEA7}.Debug|Any CPU.Build.0 = Debug|Any CPU
		{7EDAFD89-E008-4EDD-8D2F-324D8E60AEA7}.Release|Any CPU.ActiveCfg = Release|Any CPU
		{7EDAFD89-E008-4EDD-8D2F-324D8E60AEA7}.Release|Any CPU.Build.0 = Release|Any CPU
		{D9C92438-415C-4893-A4DB-5EBA477B2EBD}.Debug|Any CPU.ActiveCfg = Debug|Any CPU
		{D9C92438-415C-4893-A4DB-5EBA477B2EBD}.Debug|Any CPU.Build.0 = Debug|Any CPU
		{D9C92438-415C-4893-A4DB-5EBA477B2EBD}.Release|Any CPU.ActiveCfg = Release|Any CPU
		{D9C92438-415C-4893-A4DB-5EBA477B2EBD}.Release|Any CPU.Build.0 = Release|Any CPU
		{1D8E4D1E-7C6C-4D29-BE33-DE32EB250DDA}.Debug|Any CPU.ActiveCfg = Debug|Any CPU
		{1D8E4D1E-7C6C-4D29-BE33-DE32EB250DDA}.Debug|Any CPU.Build.0 = Debug|Any CPU
		{1D8E4D1E-7C6C-4D29-BE33-DE32EB250DDA}.Release|Any CPU.ActiveCfg = Release|Any CPU
		{1D8E4D1E-7C6C-4D29-BE33-DE32EB250DDA}.Release|Any CPU.Build.0 = Release|Any CPU
		{E3E42CAC-8B99-4182-945B-E7E4350F2252}.Debug|Any CPU.ActiveCfg = Debug|Any CPU
		{E3E42CAC-8B99-4182-945B-E7E4350F2252}.Debug|Any CPU.Build.0 = Debug|Any CPU
		{E3E42CAC-8B99-4182-945B-E7E4350F2252}.Release|Any CPU.ActiveCfg = Release|Any CPU
		{E3E42CAC-8B99-4182-945B-E7E4350F2252}.Release|Any CPU.Build.0 = Release|Any CPU
		{95A5212A-EAFB-47BB-AE9C-E4ABA3DF7482}.Debug|Any CPU.ActiveCfg = Debug|Any CPU
		{95A5212A-EAFB-47BB-AE9C-E4ABA3DF7482}.Debug|Any CPU.Build.0 = Debug|Any CPU
		{95A5212A-EAFB-47BB-AE9C-E4ABA3DF7482}.Release|Any CPU.ActiveCfg = Release|Any CPU
		{95A5212A-EAFB-47BB-AE9C-E4ABA3DF7482}.Release|Any CPU.Build.0 = Release|Any CPU
		{818C78B4-2190-48B2-BDAD-D48FD8E544F9}.Debug|Any CPU.ActiveCfg = Debug|Any CPU
		{818C78B4-2190-48B2-BDAD-D48FD8E544F9}.Debug|Any CPU.Build.0 = Debug|Any CPU
		{818C78B4-2190-48B2-BDAD-D48FD8E544F9}.Release|Any CPU.ActiveCfg = Release|Any CPU
		{818C78B4-2190-48B2-BDAD-D48FD8E544F9}.Release|Any CPU.Build.0 = Release|Any CPU
		{D5B9B38E-9107-44D6-A4B1-72FEAA23DA56}.Debug|Any CPU.ActiveCfg = Debug|Any CPU
		{D5B9B38E-9107-44D6-A4B1-72FEAA23DA56}.Debug|Any CPU.Build.0 = Debug|Any CPU
		{D5B9B38E-9107-44D6-A4B1-72FEAA23DA56}.Release|Any CPU.ActiveCfg = Release|Any CPU
		{D5B9B38E-9107-44D6-A4B1-72FEAA23DA56}.Release|Any CPU.Build.0 = Release|Any CPU
		{48467FB7-FDE5-46C7-9665-6032782806E9}.Debug|Any CPU.ActiveCfg = Debug|Any CPU
		{48467FB7-FDE5-46C7-9665-6032782806E9}.Debug|Any CPU.Build.0 = Debug|Any CPU
		{48467FB7-FDE5-46C7-9665-6032782806E9}.Release|Any CPU.ActiveCfg = Release|Any CPU
		{48467FB7-FDE5-46C7-9665-6032782806E9}.Release|Any CPU.Build.0 = Release|Any CPU
		{4C530882-6C77-45B9-A18A-F85EA3090526}.Debug|Any CPU.ActiveCfg = Debug|Any CPU
		{4C530882-6C77-45B9-A18A-F85EA3090526}.Debug|Any CPU.Build.0 = Debug|Any CPU
		{4C530882-6C77-45B9-A18A-F85EA3090526}.Release|Any CPU.ActiveCfg = Release|Any CPU
		{4C530882-6C77-45B9-A18A-F85EA3090526}.Release|Any CPU.Build.0 = Release|Any CPU
		{84863732-A3BA-4E21-BB52-CE2E19EC8FBE}.Debug|Any CPU.ActiveCfg = Debug|Any CPU
		{84863732-A3BA-4E21-BB52-CE2E19EC8FBE}.Debug|Any CPU.Build.0 = Debug|Any CPU
		{84863732-A3BA-4E21-BB52-CE2E19EC8FBE}.Release|Any CPU.ActiveCfg = Release|Any CPU
		{84863732-A3BA-4E21-BB52-CE2E19EC8FBE}.Release|Any CPU.Build.0 = Release|Any CPU
		{533207FC-70FE-4AF4-81D0-AD67468FD99A}.Debug|Any CPU.ActiveCfg = Debug|Any CPU
		{533207FC-70FE-4AF4-81D0-AD67468FD99A}.Debug|Any CPU.Build.0 = Debug|Any CPU
		{533207FC-70FE-4AF4-81D0-AD67468FD99A}.Release|Any CPU.ActiveCfg = Release|Any CPU
		{533207FC-70FE-4AF4-81D0-AD67468FD99A}.Release|Any CPU.Build.0 = Release|Any CPU
		{8D22B284-1A4E-4677-A614-B8FF1DFCDF85}.Debug|Any CPU.ActiveCfg = Debug|Any CPU
		{8D22B284-1A4E-4677-A614-B8FF1DFCDF85}.Debug|Any CPU.Build.0 = Debug|Any CPU
		{8D22B284-1A4E-4677-A614-B8FF1DFCDF85}.Release|Any CPU.ActiveCfg = Release|Any CPU
		{8D22B284-1A4E-4677-A614-B8FF1DFCDF85}.Release|Any CPU.Build.0 = Release|Any CPU
		{7005B15B-6F75-4E58-8A0C-FF1079CFFAA6}.Debug|Any CPU.ActiveCfg = Debug|Any CPU
		{7005B15B-6F75-4E58-8A0C-FF1079CFFAA6}.Debug|Any CPU.Build.0 = Debug|Any CPU
		{7005B15B-6F75-4E58-8A0C-FF1079CFFAA6}.Release|Any CPU.ActiveCfg = Release|Any CPU
		{7005B15B-6F75-4E58-8A0C-FF1079CFFAA6}.Release|Any CPU.Build.0 = Release|Any CPU
		{A7BE55D1-8503-4784-99A7-FF50712CB2D7}.Debug|Any CPU.ActiveCfg = Debug|Any CPU
		{A7BE55D1-8503-4784-99A7-FF50712CB2D7}.Debug|Any CPU.Build.0 = Debug|Any CPU
		{A7BE55D1-8503-4784-99A7-FF50712CB2D7}.Release|Any CPU.ActiveCfg = Release|Any CPU
		{A7BE55D1-8503-4784-99A7-FF50712CB2D7}.Release|Any CPU.Build.0 = Release|Any CPU
		{5A2BAFF9-37CA-4762-BFC6-F61DBA2640FF}.Debug|Any CPU.ActiveCfg = Debug|Any CPU
		{5A2BAFF9-37CA-4762-BFC6-F61DBA2640FF}.Debug|Any CPU.Build.0 = Debug|Any CPU
		{5A2BAFF9-37CA-4762-BFC6-F61DBA2640FF}.Release|Any CPU.ActiveCfg = Release|Any CPU
		{5A2BAFF9-37CA-4762-BFC6-F61DBA2640FF}.Release|Any CPU.Build.0 = Release|Any CPU
		{104A4471-DF89-4BD9-9874-7F3FA22F65A3}.Debug|Any CPU.ActiveCfg = Debug|Any CPU
		{104A4471-DF89-4BD9-9874-7F3FA22F65A3}.Debug|Any CPU.Build.0 = Debug|Any CPU
		{104A4471-DF89-4BD9-9874-7F3FA22F65A3}.Release|Any CPU.ActiveCfg = Release|Any CPU
		{104A4471-DF89-4BD9-9874-7F3FA22F65A3}.Release|Any CPU.Build.0 = Release|Any CPU
		{EA097201-EE0F-42E0-8075-D1FCDF193086}.Debug|Any CPU.ActiveCfg = Debug|Any CPU
		{EA097201-EE0F-42E0-8075-D1FCDF193086}.Debug|Any CPU.Build.0 = Debug|Any CPU
		{EA097201-EE0F-42E0-8075-D1FCDF193086}.Release|Any CPU.ActiveCfg = Release|Any CPU
		{EA097201-EE0F-42E0-8075-D1FCDF193086}.Release|Any CPU.Build.0 = Release|Any CPU
	EndGlobalSection
	GlobalSection(SolutionProperties) = preSolution
		HideSolutionNode = FALSE
	EndGlobalSection
EndGlobal
