
Microsoft Visual Studio Solution File, Format Version 12.00
# Visual Studio 2013
VisualStudioVersion = 12.0.40629.0
MinimumVisualStudioVersion = 10.0.40219.1
Project("{FAE04EC0-301F-11D3-BF4B-00C04F79EFBC}") = "EmployeeService", "EmployeeService\EmployeeService.csproj", "{58162414-ADAB-48DF-A1E3-84CA0E8E4393}"
EndProject
Project("{FAE04EC0-301F-11D3-BF4B-00C04F79EFBC}") = "EmployeeServiceHost", "EmployeeServiceHost\EmployeeServiceHost.csproj", "{3540EE17-AD3A-4E00-B2EE-FC852E786082}"
EndProject
Project("{FAE04EC0-301F-11D3-BF4B-00C04F79EFBC}") = "Client", "Client\Client.csproj", "{3B64E713-1EEF-4B20-A368-783A08BDB2E6}"
EndProject
Global
	GlobalSection(SolutionConfigurationPlatforms) = preSolution
		Debug|Any CPU = Debug|Any CPU
		Release|Any CPU = Release|Any CPU
	EndGlobalSection
	GlobalSection(ProjectConfigurationPlatforms) = postSolution
		{58162414-ADAB-48DF-A1E3-84CA0E8E4393}.Debug|Any CPU.ActiveCfg = Debug|Any CPU
		{58162414-ADAB-48DF-A1E3-84CA0E8E4393}.Debug|Any CPU.Build.0 = Debug|Any CPU
		{58162414-ADAB-48DF-A1E3-84CA0E8E4393}.Release|Any CPU.ActiveCfg = Release|Any CPU
		{58162414-ADAB-48DF-A1E3-84CA0E8E4393}.Release|Any CPU.Build.0 = Release|Any CPU
		{3540EE17-AD3A-4E00-B2EE-FC852E786082}.Debug|Any CPU.ActiveCfg = Debug|Any CPU
		{3540EE17-AD3A-4E00-B2EE-FC852E786082}.Debug|Any CPU.Build.0 = Debug|Any CPU
		{3540EE17-AD3A-4E00-B2EE-FC852E786082}.Release|Any CPU.ActiveCfg = Release|Any CPU
		{3540EE17-AD3A-4E00-B2EE-FC852E786082}.Release|Any CPU.Build.0 = Release|Any CPU
		{3B64E713-1EEF-4B20-A368-783A08BDB2E6}.Debug|Any CPU.ActiveCfg = Debug|Any CPU
		{3B64E713-1EEF-4B20-A368-783A08BDB2E6}.Debug|Any CPU.Build.0 = Debug|Any CPU
		{3B64E713-1EEF-4B20-A368-783A08BDB2E6}.Release|Any CPU.ActiveCfg = Release|Any CPU
		{3B64E713-1EEF-4B20-A368-783A08BDB2E6}.Release|Any CPU.Build.0 = Release|Any CPU
	EndGlobalSection
	GlobalSection(SolutionProperties) = preSolution
		HideSolutionNode = FALSE
	EndGlobalSection
EndGlobal
